
Microsoft Visual Studio Solution File, Format Version 12.00
# Visual Studio Version 16
VisualStudioVersion = 16.0.33801.447
MinimumVisualStudioVersion = 10.0.40219.1
Project("{FAE04EC0-301F-11D3-BF4B-00C04F79EFBC}") = "File Changer", "File Changer\File Changer.csproj", "{5D794AAC-AB18-4D42-84A8-71F8DAC85303}"
EndProject
Project("{54435603-DBB4-11D2-8724-00A0C9A8B90C}") = "File Changer", "SetupFileChanger\File Changer\File Changer.vdproj", "{16A4A51C-DA95-4FCB-9D68-76B64445BE8A}"
EndProject
Global
	GlobalSection(SolutionConfigurationPlatforms) = preSolution
		Debug|Any CPU = Debug|Any CPU
		Release|Any CPU = Release|Any CPU
	EndGlobalSection
	GlobalSection(ProjectConfigurationPlatforms) = postSolution
		{5D794AAC-AB18-4D42-84A8-71F8DAC85303}.Debug|Any CPU.ActiveCfg = Debug|Any CPU
		{5D794AAC-AB18-4D42-84A8-71F8DAC85303}.Debug|Any CPU.Build.0 = Debug|Any CPU
		{5D794AAC-AB18-4D42-84A8-71F8DAC85303}.Release|Any CPU.ActiveCfg = Release|Any CPU
		{5D794AAC-AB18-4D42-84A8-71F8DAC85303}.Release|Any CPU.Build.0 = Release|Any CPU
		{16A4A51C-DA95-4FCB-9D68-76B64445BE8A}.Debug|Any CPU.ActiveCfg = Debug
		{16A4A51C-DA95-4FCB-9D68-76B64445BE8A}.Release|Any CPU.ActiveCfg = Release
	EndGlobalSection
	GlobalSection(SolutionProperties) = preSolution
		HideSolutionNode = FALSE
	EndGlobalSection
	GlobalSection(ExtensibilityGlobals) = postSolution
		SolutionGuid = {02CD18D4-7F7F-44C4-A7A0-CCF3C7D5F73F}
	EndGlobalSection
EndGlobal
